
Microsoft Visual Studio Solution File, Format Version 12.00
# Visual Studio Version 16
VisualStudioVersion = 16.0.29613.14
MinimumVisualStudioVersion = 10.0.40219.1
Project("{9A19103F-16F7-4668-BE54-9A1E7A4F7556}") = "IronyModManager", "IronyModManager\IronyModManager.csproj", "{BE022738-8D57-4CD6-8DCC-4CE916FB9768}"
EndProject
Project("{FAE04EC0-301F-11D3-BF4B-00C04F79EFBC}") = "IronyModManager.DI", "IronyModManager.DI\IronyModManager.DI.csproj", "{662745E4-BBED-4FF0-BD9E-45A67B97E573}"
EndProject
Global
	GlobalSection(SolutionConfigurationPlatforms) = preSolution
		Debug|Any CPU = Debug|Any CPU
		Release|Any CPU = Release|Any CPU
	EndGlobalSection
	GlobalSection(ProjectConfigurationPlatforms) = postSolution
		{BE022738-8D57-4CD6-8DCC-4CE916FB9768}.Debug|Any CPU.ActiveCfg = Debug|Any CPU
		{BE022738-8D57-4CD6-8DCC-4CE916FB9768}.Debug|Any CPU.Build.0 = Debug|Any CPU
		{BE022738-8D57-4CD6-8DCC-4CE916FB9768}.Release|Any CPU.ActiveCfg = Release|Any CPU
		{BE022738-8D57-4CD6-8DCC-4CE916FB9768}.Release|Any CPU.Build.0 = Release|Any CPU
		{662745E4-BBED-4FF0-BD9E-45A67B97E573}.Debug|Any CPU.ActiveCfg = Debug|Any CPU
		{662745E4-BBED-4FF0-BD9E-45A67B97E573}.Debug|Any CPU.Build.0 = Debug|Any CPU
		{662745E4-BBED-4FF0-BD9E-45A67B97E573}.Release|Any CPU.ActiveCfg = Release|Any CPU
		{662745E4-BBED-4FF0-BD9E-45A67B97E573}.Release|Any CPU.Build.0 = Release|Any CPU
	EndGlobalSection
	GlobalSection(SolutionProperties) = preSolution
		HideSolutionNode = FALSE
	EndGlobalSection
	GlobalSection(ExtensibilityGlobals) = postSolution
		SolutionGuid = {D1256133-6A57-4335-B3F9-4028F01166F2}
	EndGlobalSection
EndGlobal
