
Microsoft Visual Studio Solution File, Format Version 12.00
# Visual Studio Version 16
VisualStudioVersion = 16.0.29613.14
MinimumVisualStudioVersion = 10.0.40219.1
Project("{9A19103F-16F7-4668-BE54-9A1E7A4F7556}") = "IronyModManager", "IronyModManager\IronyModManager.csproj", "{BE022738-8D57-4CD6-8DCC-4CE916FB9768}"
	ProjectSection(ProjectDependencies) = postProject
		{29672C40-6613-4EDF-A22D-42FFBBC2BD40} = {29672C40-6613-4EDF-A22D-42FFBBC2BD40}
		{FF086552-42A7-4B9F-BB1F-53CF63A62FDE} = {FF086552-42A7-4B9F-BB1F-53CF63A62FDE}
		{C16EC3BD-E6F1-42EE-BD41-D375201A7129} = {C16EC3BD-E6F1-42EE-BD41-D375201A7129}
		{FE7408F5-20A2-4503-8323-AF5217806105} = {FE7408F5-20A2-4503-8323-AF5217806105}
	EndProjectSection
EndProject
Project("{9A19103F-16F7-4668-BE54-9A1E7A4F7556}") = "IronyModManager.DI", "IronyModManager.DI\IronyModManager.DI.csproj", "{662745E4-BBED-4FF0-BD9E-45A67B97E573}"
EndProject
Project("{2150E333-8FDC-42A3-9474-1A3956D46DE8}") = "Solution Items", "Solution Items", "{E597BDB8-F0DC-4D21-8BA6-E7F72878F219}"
	ProjectSection(SolutionItems) = preProject
		.editorconfig = .editorconfig
		Directory.Build.props = Directory.Build.props
		License = License
	EndProjectSection
EndProject
Project("{9A19103F-16F7-4668-BE54-9A1E7A4F7556}") = "IronyModManager.Storage", "IronyModManager.Storage\IronyModManager.Storage.csproj", "{29672C40-6613-4EDF-A22D-42FFBBC2BD40}"
EndProject
Project("{9A19103F-16F7-4668-BE54-9A1E7A4F7556}") = "IronyModManager.Models", "IronyModManager.Models\IronyModManager.Models.csproj", "{FF086552-42A7-4B9F-BB1F-53CF63A62FDE}"
EndProject
Project("{9A19103F-16F7-4668-BE54-9A1E7A4F7556}") = "IronyModManager.Services", "IronyModManager.Services\IronyModManager.Services.csproj", "{C16EC3BD-E6F1-42EE-BD41-D375201A7129}"
EndProject
Project("{9A19103F-16F7-4668-BE54-9A1E7A4F7556}") = "IronyModManager.Storage.Common", "IronyModManager.Storage.Common\IronyModManager.Storage.Common.csproj", "{FE7408F5-20A2-4503-8323-AF5217806105}"
EndProject
Project("{9A19103F-16F7-4668-BE54-9A1E7A4F7556}") = "IronyModManager.Models.Common", "IronyModManager.Models.Common\IronyModManager.Models.Common.csproj", "{87AC4469-B944-4E49-A30F-84B13E108E82}"
EndProject
Project("{9A19103F-16F7-4668-BE54-9A1E7A4F7556}") = "IronyModManager.Services.Common", "IronyModManager.Services.Common\IronyModManager.Services.Common.csproj", "{6EF938A9-0B92-4A0B-B00A-DD83ECB0DCF0}"
EndProject
Project("{9A19103F-16F7-4668-BE54-9A1E7A4F7556}") = "IronyModManager.Shared", "IronyModManager.Shared\IronyModManager.Shared.csproj", "{FA0BAB22-5121-439E-AE3B-E0F4E1745BDF}"
EndProject
Project("{9A19103F-16F7-4668-BE54-9A1E7A4F7556}") = "IronyModManager.Common", "IronyModManager.Common\IronyModManager.Common.csproj", "{1BA4701D-6F58-4301-8BA3-C49B5E363697}"
EndProject
Project("{9A19103F-16F7-4668-BE54-9A1E7A4F7556}") = "IronyModManager.Localization", "IronyModManager.Localization\IronyModManager.Localization.csproj", "{9F445113-74BF-413E-95C6-1C35EECC4813}"
EndProject
Project("{9A19103F-16F7-4668-BE54-9A1E7A4F7556}") = "IronyModManager.Storage.Tests", "IronyModManager.Storage.Tests\IronyModManager.Storage.Tests.csproj", "{7932893D-31DA-4797-9D37-A5BAAE3EE47A}"
EndProject
Project("{2150E333-8FDC-42A3-9474-1A3956D46DE8}") = "Tests", "Tests", "{6B452FE9-6822-4900-9570-3307376D1CCF}"
EndProject
Project("{2150E333-8FDC-42A3-9474-1A3956D46DE8}") = "Program", "Program", "{7BF4F92B-82C0-42D2-8D3B-13783E67E6C4}"
EndProject
Global
	GlobalSection(SolutionConfigurationPlatforms) = preSolution
		Debug|Any CPU = Debug|Any CPU
		Release|Any CPU = Release|Any CPU
	EndGlobalSection
	GlobalSection(ProjectConfigurationPlatforms) = postSolution
		{BE022738-8D57-4CD6-8DCC-4CE916FB9768}.Debug|Any CPU.ActiveCfg = Debug|Any CPU
		{BE022738-8D57-4CD6-8DCC-4CE916FB9768}.Debug|Any CPU.Build.0 = Debug|Any CPU
		{BE022738-8D57-4CD6-8DCC-4CE916FB9768}.Release|Any CPU.ActiveCfg = Release|Any CPU
		{BE022738-8D57-4CD6-8DCC-4CE916FB9768}.Release|Any CPU.Build.0 = Release|Any CPU
		{662745E4-BBED-4FF0-BD9E-45A67B97E573}.Debug|Any CPU.ActiveCfg = Debug|Any CPU
		{662745E4-BBED-4FF0-BD9E-45A67B97E573}.Debug|Any CPU.Build.0 = Debug|Any CPU
		{662745E4-BBED-4FF0-BD9E-45A67B97E573}.Release|Any CPU.ActiveCfg = Release|Any CPU
		{662745E4-BBED-4FF0-BD9E-45A67B97E573}.Release|Any CPU.Build.0 = Release|Any CPU
		{29672C40-6613-4EDF-A22D-42FFBBC2BD40}.Debug|Any CPU.ActiveCfg = Debug|Any CPU
		{29672C40-6613-4EDF-A22D-42FFBBC2BD40}.Debug|Any CPU.Build.0 = Debug|Any CPU
		{29672C40-6613-4EDF-A22D-42FFBBC2BD40}.Release|Any CPU.ActiveCfg = Release|Any CPU
		{29672C40-6613-4EDF-A22D-42FFBBC2BD40}.Release|Any CPU.Build.0 = Release|Any CPU
		{FF086552-42A7-4B9F-BB1F-53CF63A62FDE}.Debug|Any CPU.ActiveCfg = Debug|Any CPU
		{FF086552-42A7-4B9F-BB1F-53CF63A62FDE}.Debug|Any CPU.Build.0 = Debug|Any CPU
		{FF086552-42A7-4B9F-BB1F-53CF63A62FDE}.Release|Any CPU.ActiveCfg = Release|Any CPU
		{FF086552-42A7-4B9F-BB1F-53CF63A62FDE}.Release|Any CPU.Build.0 = Release|Any CPU
		{C16EC3BD-E6F1-42EE-BD41-D375201A7129}.Debug|Any CPU.ActiveCfg = Debug|Any CPU
		{C16EC3BD-E6F1-42EE-BD41-D375201A7129}.Debug|Any CPU.Build.0 = Debug|Any CPU
		{C16EC3BD-E6F1-42EE-BD41-D375201A7129}.Release|Any CPU.ActiveCfg = Release|Any CPU
		{C16EC3BD-E6F1-42EE-BD41-D375201A7129}.Release|Any CPU.Build.0 = Release|Any CPU
		{FE7408F5-20A2-4503-8323-AF5217806105}.Debug|Any CPU.ActiveCfg = Debug|Any CPU
		{FE7408F5-20A2-4503-8323-AF5217806105}.Debug|Any CPU.Build.0 = Debug|Any CPU
		{FE7408F5-20A2-4503-8323-AF5217806105}.Release|Any CPU.ActiveCfg = Release|Any CPU
		{FE7408F5-20A2-4503-8323-AF5217806105}.Release|Any CPU.Build.0 = Release|Any CPU
		{87AC4469-B944-4E49-A30F-84B13E108E82}.Debug|Any CPU.ActiveCfg = Debug|Any CPU
		{87AC4469-B944-4E49-A30F-84B13E108E82}.Debug|Any CPU.Build.0 = Debug|Any CPU
		{87AC4469-B944-4E49-A30F-84B13E108E82}.Release|Any CPU.ActiveCfg = Release|Any CPU
		{87AC4469-B944-4E49-A30F-84B13E108E82}.Release|Any CPU.Build.0 = Release|Any CPU
		{6EF938A9-0B92-4A0B-B00A-DD83ECB0DCF0}.Debug|Any CPU.ActiveCfg = Debug|Any CPU
		{6EF938A9-0B92-4A0B-B00A-DD83ECB0DCF0}.Debug|Any CPU.Build.0 = Debug|Any CPU
		{6EF938A9-0B92-4A0B-B00A-DD83ECB0DCF0}.Release|Any CPU.ActiveCfg = Release|Any CPU
		{6EF938A9-0B92-4A0B-B00A-DD83ECB0DCF0}.Release|Any CPU.Build.0 = Release|Any CPU
		{FA0BAB22-5121-439E-AE3B-E0F4E1745BDF}.Debug|Any CPU.ActiveCfg = Debug|Any CPU
		{FA0BAB22-5121-439E-AE3B-E0F4E1745BDF}.Debug|Any CPU.Build.0 = Debug|Any CPU
		{FA0BAB22-5121-439E-AE3B-E0F4E1745BDF}.Release|Any CPU.ActiveCfg = Release|Any CPU
		{FA0BAB22-5121-439E-AE3B-E0F4E1745BDF}.Release|Any CPU.Build.0 = Release|Any CPU
		{1BA4701D-6F58-4301-8BA3-C49B5E363697}.Debug|Any CPU.ActiveCfg = Debug|Any CPU
		{1BA4701D-6F58-4301-8BA3-C49B5E363697}.Debug|Any CPU.Build.0 = Debug|Any CPU
		{1BA4701D-6F58-4301-8BA3-C49B5E363697}.Release|Any CPU.ActiveCfg = Release|Any CPU
		{1BA4701D-6F58-4301-8BA3-C49B5E363697}.Release|Any CPU.Build.0 = Release|Any CPU
		{9F445113-74BF-413E-95C6-1C35EECC4813}.Debug|Any CPU.ActiveCfg = Debug|Any CPU
		{9F445113-74BF-413E-95C6-1C35EECC4813}.Debug|Any CPU.Build.0 = Debug|Any CPU
		{9F445113-74BF-413E-95C6-1C35EECC4813}.Release|Any CPU.ActiveCfg = Release|Any CPU
		{9F445113-74BF-413E-95C6-1C35EECC4813}.Release|Any CPU.Build.0 = Release|Any CPU
		{7932893D-31DA-4797-9D37-A5BAAE3EE47A}.Debug|Any CPU.ActiveCfg = Debug|Any CPU
		{7932893D-31DA-4797-9D37-A5BAAE3EE47A}.Debug|Any CPU.Build.0 = Debug|Any CPU
		{7932893D-31DA-4797-9D37-A5BAAE3EE47A}.Release|Any CPU.ActiveCfg = Release|Any CPU
		{7932893D-31DA-4797-9D37-A5BAAE3EE47A}.Release|Any CPU.Build.0 = Release|Any CPU
	EndGlobalSection
	GlobalSection(SolutionProperties) = preSolution
		HideSolutionNode = FALSE
	EndGlobalSection
	GlobalSection(NestedProjects) = preSolution
		{BE022738-8D57-4CD6-8DCC-4CE916FB9768} = {7BF4F92B-82C0-42D2-8D3B-13783E67E6C4}
		{662745E4-BBED-4FF0-BD9E-45A67B97E573} = {7BF4F92B-82C0-42D2-8D3B-13783E67E6C4}
		{29672C40-6613-4EDF-A22D-42FFBBC2BD40} = {7BF4F92B-82C0-42D2-8D3B-13783E67E6C4}
		{FF086552-42A7-4B9F-BB1F-53CF63A62FDE} = {7BF4F92B-82C0-42D2-8D3B-13783E67E6C4}
		{C16EC3BD-E6F1-42EE-BD41-D375201A7129} = {7BF4F92B-82C0-42D2-8D3B-13783E67E6C4}
		{FE7408F5-20A2-4503-8323-AF5217806105} = {7BF4F92B-82C0-42D2-8D3B-13783E67E6C4}
		{87AC4469-B944-4E49-A30F-84B13E108E82} = {7BF4F92B-82C0-42D2-8D3B-13783E67E6C4}
		{6EF938A9-0B92-4A0B-B00A-DD83ECB0DCF0} = {7BF4F92B-82C0-42D2-8D3B-13783E67E6C4}
		{FA0BAB22-5121-439E-AE3B-E0F4E1745BDF} = {7BF4F92B-82C0-42D2-8D3B-13783E67E6C4}
		{1BA4701D-6F58-4301-8BA3-C49B5E363697} = {7BF4F92B-82C0-42D2-8D3B-13783E67E6C4}
		{9F445113-74BF-413E-95C6-1C35EECC4813} = {7BF4F92B-82C0-42D2-8D3B-13783E67E6C4}
		{7932893D-31DA-4797-9D37-A5BAAE3EE47A} = {6B452FE9-6822-4900-9570-3307376D1CCF}
	EndGlobalSection
	GlobalSection(ExtensibilityGlobals) = postSolution
		SolutionGuid = {D1256133-6A57-4335-B3F9-4028F01166F2}
	EndGlobalSection
EndGlobal
